
Microsoft Visual Studio Solution File, Format Version 12.00
# Visual Studio Version 16
VisualStudioVersion = 16.0.30907.101
MinimumVisualStudioVersion = 10.0.40219.1
Project("{FAE04EC0-301F-11D3-BF4B-00C04F79EFBC}") = "OOP1", "Example\OOP1.csproj", "{C41DA951-D1CA-4A21-BFC6-E4C560F8D9D2}"
EndProject
Project("{FAE04EC0-301F-11D3-BF4B-00C04F79EFBC}") = "Koleksiyonlar", "Koleksiyonlar\Koleksiyonlar.csproj", "{95A0BCE3-C118-4127-B2B9-3EA3D8D0FAD5}"
EndProject
Project("{FAE04EC0-301F-11D3-BF4B-00C04F79EFBC}") = "GenericsIntro", "GenericsIntro\GenericsIntro.csproj", "{66CDB0ED-CBCD-4E29-9598-0A8C0FFC064B}"
EndProject
Project("{FAE04EC0-301F-11D3-BF4B-00C04F79EFBC}") = "Matematiik", "Matematiik\Matematiik.csproj", "{A9908648-B6CB-4576-963D-E291E835C775}"
EndProject
Global
	GlobalSection(SolutionConfigurationPlatforms) = preSolution
		Debug|Any CPU = Debug|Any CPU
		Release|Any CPU = Release|Any CPU
	EndGlobalSection
	GlobalSection(ProjectConfigurationPlatforms) = postSolution
		{C41DA951-D1CA-4A21-BFC6-E4C560F8D9D2}.Debug|Any CPU.ActiveCfg = Debug|Any CPU
		{C41DA951-D1CA-4A21-BFC6-E4C560F8D9D2}.Debug|Any CPU.Build.0 = Debug|Any CPU
		{C41DA951-D1CA-4A21-BFC6-E4C560F8D9D2}.Release|Any CPU.ActiveCfg = Release|Any CPU
		{C41DA951-D1CA-4A21-BFC6-E4C560F8D9D2}.Release|Any CPU.Build.0 = Release|Any CPU
		{95A0BCE3-C118-4127-B2B9-3EA3D8D0FAD5}.Debug|Any CPU.ActiveCfg = Debug|Any CPU
		{95A0BCE3-C118-4127-B2B9-3EA3D8D0FAD5}.Debug|Any CPU.Build.0 = Debug|Any CPU
		{95A0BCE3-C118-4127-B2B9-3EA3D8D0FAD5}.Release|Any CPU.ActiveCfg = Release|Any CPU
		{95A0BCE3-C118-4127-B2B9-3EA3D8D0FAD5}.Release|Any CPU.Build.0 = Release|Any CPU
		{66CDB0ED-CBCD-4E29-9598-0A8C0FFC064B}.Debug|Any CPU.ActiveCfg = Debug|Any CPU
		{66CDB0ED-CBCD-4E29-9598-0A8C0FFC064B}.Debug|Any CPU.Build.0 = Debug|Any CPU
		{66CDB0ED-CBCD-4E29-9598-0A8C0FFC064B}.Release|Any CPU.ActiveCfg = Release|Any CPU
		{66CDB0ED-CBCD-4E29-9598-0A8C0FFC064B}.Release|Any CPU.Build.0 = Release|Any CPU
		{A9908648-B6CB-4576-963D-E291E835C775}.Debug|Any CPU.ActiveCfg = Debug|Any CPU
		{A9908648-B6CB-4576-963D-E291E835C775}.Debug|Any CPU.Build.0 = Debug|Any CPU
		{A9908648-B6CB-4576-963D-E291E835C775}.Release|Any CPU.ActiveCfg = Release|Any CPU
		{A9908648-B6CB-4576-963D-E291E835C775}.Release|Any CPU.Build.0 = Release|Any CPU
	EndGlobalSection
	GlobalSection(SolutionProperties) = preSolution
		HideSolutionNode = FALSE
	EndGlobalSection
	GlobalSection(ExtensibilityGlobals) = postSolution
		SolutionGuid = {2E5205ED-8D9D-4505-A86F-E73954AED90C}
	EndGlobalSection
EndGlobal
