
Microsoft Visual Studio Solution File, Format Version 12.00
# Visual Studio Version 16
VisualStudioVersion = 16.0.30907.101
MinimumVisualStudioVersion = 10.0.40219.1
Project("{9A19103F-16F7-4668-BE54-9A1E7A4F7556}") = "Koleksiyonlar", "Koleksiyonlar\Koleksiyonlar.csproj", "{95A0BCE3-C118-4127-B2B9-3EA3D8D0FAD5}"
EndProject
Project("{9A19103F-16F7-4668-BE54-9A1E7A4F7556}") = "GenericsIntro", "GenericsIntro\GenericsIntro.csproj", "{66CDB0ED-CBCD-4E29-9598-0A8C0FFC064B}"
EndProject
Project("{9A19103F-16F7-4668-BE54-9A1E7A4F7556}") = "Matematiik", "Matematiik\Matematiik.csproj", "{A9908648-B6CB-4576-963D-E291E835C775}"
EndProject
Project("{9A19103F-16F7-4668-BE54-9A1E7A4F7556}") = "OOP2", "OOP2\OOP2.csproj", "{9C71E136-42F5-4C04-A478-F2978E93B99C}"
EndProject
Project("{9A19103F-16F7-4668-BE54-9A1E7A4F7556}") = "OOP3", "OOP3\OOP3.csproj", "{C72D4042-0ECD-4D74-A1FD-7FFD351EE10D}"
EndProject
Project("{9A19103F-16F7-4668-BE54-9A1E7A4F7556}") = "Donguler", "Donguler\Donguler.csproj", "{2B6DA59D-CDA6-4EAE-B083-F67BE822DB4E}"
EndProject
Project("{9A19103F-16F7-4668-BE54-9A1E7A4F7556}") = "CampIntro", "CampIntro\CampIntro.csproj", "{F90C8A9B-A7F8-4EFC-B08E-B613B757D49A}"
EndProject
Project("{9A19103F-16F7-4668-BE54-9A1E7A4F7556}") = "ClassIntro", "ClassIntro\ClassIntro.csproj", "{CFC24C92-63FF-400D-AB2E-D42C8AEE0411}"
EndProject
Project("{9A19103F-16F7-4668-BE54-9A1E7A4F7556}") = "OOP1", "OOP1\OOP1.csproj", "{6321597B-E39B-471E-9A76-780239094C7D}"
EndProject
Global
	GlobalSection(SolutionConfigurationPlatforms) = preSolution
		Debug|Any CPU = Debug|Any CPU
		Release|Any CPU = Release|Any CPU
	EndGlobalSection
	GlobalSection(ProjectConfigurationPlatforms) = postSolution
		{95A0BCE3-C118-4127-B2B9-3EA3D8D0FAD5}.Debug|Any CPU.ActiveCfg = Debug|Any CPU
		{95A0BCE3-C118-4127-B2B9-3EA3D8D0FAD5}.Debug|Any CPU.Build.0 = Debug|Any CPU
		{95A0BCE3-C118-4127-B2B9-3EA3D8D0FAD5}.Release|Any CPU.ActiveCfg = Release|Any CPU
		{95A0BCE3-C118-4127-B2B9-3EA3D8D0FAD5}.Release|Any CPU.Build.0 = Release|Any CPU
		{66CDB0ED-CBCD-4E29-9598-0A8C0FFC064B}.Debug|Any CPU.ActiveCfg = Debug|Any CPU
		{66CDB0ED-CBCD-4E29-9598-0A8C0FFC064B}.Debug|Any CPU.Build.0 = Debug|Any CPU
		{66CDB0ED-CBCD-4E29-9598-0A8C0FFC064B}.Release|Any CPU.ActiveCfg = Release|Any CPU
		{66CDB0ED-CBCD-4E29-9598-0A8C0FFC064B}.Release|Any CPU.Build.0 = Release|Any CPU
		{A9908648-B6CB-4576-963D-E291E835C775}.Debug|Any CPU.ActiveCfg = Debug|Any CPU
		{A9908648-B6CB-4576-963D-E291E835C775}.Debug|Any CPU.Build.0 = Debug|Any CPU
		{A9908648-B6CB-4576-963D-E291E835C775}.Release|Any CPU.ActiveCfg = Release|Any CPU
		{A9908648-B6CB-4576-963D-E291E835C775}.Release|Any CPU.Build.0 = Release|Any CPU
		{9C71E136-42F5-4C04-A478-F2978E93B99C}.Debug|Any CPU.ActiveCfg = Debug|Any CPU
		{9C71E136-42F5-4C04-A478-F2978E93B99C}.Debug|Any CPU.Build.0 = Debug|Any CPU
		{9C71E136-42F5-4C04-A478-F2978E93B99C}.Release|Any CPU.ActiveCfg = Release|Any CPU
		{9C71E136-42F5-4C04-A478-F2978E93B99C}.Release|Any CPU.Build.0 = Release|Any CPU
		{C72D4042-0ECD-4D74-A1FD-7FFD351EE10D}.Debug|Any CPU.ActiveCfg = Debug|Any CPU
		{C72D4042-0ECD-4D74-A1FD-7FFD351EE10D}.Debug|Any CPU.Build.0 = Debug|Any CPU
		{C72D4042-0ECD-4D74-A1FD-7FFD351EE10D}.Release|Any CPU.ActiveCfg = Release|Any CPU
		{C72D4042-0ECD-4D74-A1FD-7FFD351EE10D}.Release|Any CPU.Build.0 = Release|Any CPU
		{2B6DA59D-CDA6-4EAE-B083-F67BE822DB4E}.Debug|Any CPU.ActiveCfg = Debug|Any CPU
		{2B6DA59D-CDA6-4EAE-B083-F67BE822DB4E}.Debug|Any CPU.Build.0 = Debug|Any CPU
		{2B6DA59D-CDA6-4EAE-B083-F67BE822DB4E}.Release|Any CPU.ActiveCfg = Release|Any CPU
		{2B6DA59D-CDA6-4EAE-B083-F67BE822DB4E}.Release|Any CPU.Build.0 = Release|Any CPU
		{F90C8A9B-A7F8-4EFC-B08E-B613B757D49A}.Debug|Any CPU.ActiveCfg = Debug|Any CPU
		{F90C8A9B-A7F8-4EFC-B08E-B613B757D49A}.Debug|Any CPU.Build.0 = Debug|Any CPU
		{F90C8A9B-A7F8-4EFC-B08E-B613B757D49A}.Release|Any CPU.ActiveCfg = Release|Any CPU
		{F90C8A9B-A7F8-4EFC-B08E-B613B757D49A}.Release|Any CPU.Build.0 = Release|Any CPU
		{CFC24C92-63FF-400D-AB2E-D42C8AEE0411}.Debug|Any CPU.ActiveCfg = Debug|Any CPU
		{CFC24C92-63FF-400D-AB2E-D42C8AEE0411}.Debug|Any CPU.Build.0 = Debug|Any CPU
		{CFC24C92-63FF-400D-AB2E-D42C8AEE0411}.Release|Any CPU.ActiveCfg = Release|Any CPU
		{CFC24C92-63FF-400D-AB2E-D42C8AEE0411}.Release|Any CPU.Build.0 = Release|Any CPU
		{6321597B-E39B-471E-9A76-780239094C7D}.Debug|Any CPU.ActiveCfg = Debug|Any CPU
		{6321597B-E39B-471E-9A76-780239094C7D}.Debug|Any CPU.Build.0 = Debug|Any CPU
		{6321597B-E39B-471E-9A76-780239094C7D}.Release|Any CPU.ActiveCfg = Release|Any CPU
		{6321597B-E39B-471E-9A76-780239094C7D}.Release|Any CPU.Build.0 = Release|Any CPU
	EndGlobalSection
	GlobalSection(SolutionProperties) = preSolution
		HideSolutionNode = FALSE
	EndGlobalSection
	GlobalSection(ExtensibilityGlobals) = postSolution
		SolutionGuid = {2E5205ED-8D9D-4505-A86F-E73954AED90C}
	EndGlobalSection
EndGlobal
